
Microsoft Visual Studio Solution File, Format Version 12.00
# Visual Studio Version 16
VisualStudioVersion = 16.0.30907.101
MinimumVisualStudioVersion = 10.0.40219.1
Project("{FAE04EC0-301F-11D3-BF4B-00C04F79EFBC}") = "HumanResourcesAPI", "HumanResourcesAPI.csproj", "{6C80E6AF-9264-4775-A852-7B6A06E137CC}"
EndProject
Global
	GlobalSection(SolutionConfigurationPlatforms) = preSolution
		Debug|Any CPU = Debug|Any CPU
		Release|Any CPU = Release|Any CPU
	EndGlobalSection
	GlobalSection(ProjectConfigurationPlatforms) = postSolution
		{6C80E6AF-9264-4775-A852-7B6A06E137CC}.Debug|Any CPU.ActiveCfg = Debug|Any CPU
		{6C80E6AF-9264-4775-A852-7B6A06E137CC}.Debug|Any CPU.Build.0 = Debug|Any CPU
		{6C80E6AF-9264-4775-A852-7B6A06E137CC}.Release|Any CPU.ActiveCfg = Release|Any CPU
		{6C80E6AF-9264-4775-A852-7B6A06E137CC}.Release|Any CPU.Build.0 = Release|Any CPU
	EndGlobalSection
	GlobalSection(SolutionProperties) = preSolution
		HideSolutionNode = FALSE
	EndGlobalSection
	GlobalSection(ExtensibilityGlobals) = postSolution
		SolutionGuid = {4EAC3E04-5979-41B0-A766-66952621FC41}
	EndGlobalSection
EndGlobal
